
Microsoft Visual Studio Solution File, Format Version 12.00
# Visual Studio Version 16
VisualStudioVersion = 16.0.29613.14
MinimumVisualStudioVersion = 10.0.40219.1
Project("{8BC9CEB8-8B4A-11D0-8D11-00A0C91BC942}") = "Impossible_Shapes", "Impossible_Shapes\Impossible_Shapes.vcxproj", "{DA7CF20E-2C3E-4C0E-9FC7-AAE4475F3E83}"
EndProject
Global
	GlobalSection(SolutionConfigurationPlatforms) = preSolution
		Debug|x64 = Debug|x64
		Debug|x86 = Debug|x86
		Release|x64 = Release|x64
		Release|x86 = Release|x86
	EndGlobalSection
	GlobalSection(ProjectConfigurationPlatforms) = postSolution
		{DA7CF20E-2C3E-4C0E-9FC7-AAE4475F3E83}.Debug|x64.ActiveCfg = Debug|x64
		{DA7CF20E-2C3E-4C0E-9FC7-AAE4475F3E83}.Debug|x64.Build.0 = Debug|x64
		{DA7CF20E-2C3E-4C0E-9FC7-AAE4475F3E83}.Debug|x86.ActiveCfg = Debug|Win32
		{DA7CF20E-2C3E-4C0E-9FC7-AAE4475F3E83}.Debug|x86.Build.0 = Debug|Win32
		{DA7CF20E-2C3E-4C0E-9FC7-AAE4475F3E83}.Release|x64.ActiveCfg = Release|x64
		{DA7CF20E-2C3E-4C0E-9FC7-AAE4475F3E83}.Release|x64.Build.0 = Release|x64
		{DA7CF20E-2C3E-4C0E-9FC7-AAE4475F3E83}.Release|x86.ActiveCfg = Release|Win32
		{DA7CF20E-2C3E-4C0E-9FC7-AAE4475F3E83}.Release|x86.Build.0 = Release|Win32
	EndGlobalSection
	GlobalSection(SolutionProperties) = preSolution
		HideSolutionNode = FALSE
	EndGlobalSection
	GlobalSection(ExtensibilityGlobals) = postSolution
		SolutionGuid = {22320444-3640-4526-B7F3-A31A3900C77A}
	EndGlobalSection
EndGlobal
